
Microsoft Visual Studio Solution File, Format Version 12.00
# Visual Studio 2012
Project("{FAE04EC0-301F-11D3-BF4B-00C04F79EFBC}") = "BeforePostBackSample", "BeforePostBackSample\BeforePostBackSample.csproj", "{878206E2-693F-4BE4-A72D-F9E2DEFF86FD}"
EndProject
Global
	GlobalSection(SolutionConfigurationPlatforms) = preSolution
		Debug|Any CPU = Debug|Any CPU
		Release|Any CPU = Release|Any CPU
	EndGlobalSection
	GlobalSection(ProjectConfigurationPlatforms) = postSolution
		{878206E2-693F-4BE4-A72D-F9E2DEFF86FD}.Debug|Any CPU.ActiveCfg = Debug|Any CPU
		{878206E2-693F-4BE4-A72D-F9E2DEFF86FD}.Debug|Any CPU.Build.0 = Debug|Any CPU
		{878206E2-693F-4BE4-A72D-F9E2DEFF86FD}.Release|Any CPU.ActiveCfg = Release|Any CPU
		{878206E2-693F-4BE4-A72D-F9E2DEFF86FD}.Release|Any CPU.Build.0 = Release|Any CPU
	EndGlobalSection
	GlobalSection(SolutionProperties) = preSolution
		HideSolutionNode = FALSE
	EndGlobalSection
EndGlobal
